
Microsoft Visual Studio Solution File, Format Version 12.00
# Visual Studio 15
Project("{FAE04EC0-301F-11D3-BF4B-00C04F79EFBC}") = "Cpaas.Sdk", "Cpaas.Sdk\Cpaas.Sdk.csproj", "{61DDB2D1-0BAA-495C-AC5E-10315B31B549}"
EndProject
Project("{2150E333-8FDC-42A3-9474-1A3956D46DE8}") = "Solution Items", "Solution Items", "{3C18BEDA-9DED-4CF0-B0B1-B9690A2EA45B}"
	ProjectSection(SolutionItems) = preProject
		DoxygenLayout.xml = DoxygenLayout.xml
	EndProjectSection
EndProject
Project("{FAE04EC0-301F-11D3-BF4B-00C04F79EFBC}") = "Test", "Test\Test.csproj", "{7FC87014-EFCC-4EA2-84C5-8EA9E124A740}"
EndProject
Project("{FAE04EC0-301F-11D3-BF4B-00C04F79EFBC}") = "Cpaas.Sdk.Test", "Cpaas.Sdk.Test\Cpaas.Sdk.Test.csproj", "{A419C884-323C-492A-8B97-B9D5CF724C72}"
EndProject
Global
	GlobalSection(SolutionConfigurationPlatforms) = preSolution
		Debug|Any CPU = Debug|Any CPU
		Release|Any CPU = Release|Any CPU
	EndGlobalSection
	GlobalSection(ProjectConfigurationPlatforms) = postSolution
		{61DDB2D1-0BAA-495C-AC5E-10315B31B549}.Debug|Any CPU.ActiveCfg = Debug|Any CPU
		{61DDB2D1-0BAA-495C-AC5E-10315B31B549}.Debug|Any CPU.Build.0 = Debug|Any CPU
		{61DDB2D1-0BAA-495C-AC5E-10315B31B549}.Release|Any CPU.ActiveCfg = Release|Any CPU
		{61DDB2D1-0BAA-495C-AC5E-10315B31B549}.Release|Any CPU.Build.0 = Release|Any CPU
		{7FC87014-EFCC-4EA2-84C5-8EA9E124A740}.Debug|Any CPU.ActiveCfg = Debug|Any CPU
		{7FC87014-EFCC-4EA2-84C5-8EA9E124A740}.Debug|Any CPU.Build.0 = Debug|Any CPU
		{7FC87014-EFCC-4EA2-84C5-8EA9E124A740}.Release|Any CPU.ActiveCfg = Release|Any CPU
		{7FC87014-EFCC-4EA2-84C5-8EA9E124A740}.Release|Any CPU.Build.0 = Release|Any CPU
		{A419C884-323C-492A-8B97-B9D5CF724C72}.Debug|Any CPU.ActiveCfg = Debug|Any CPU
		{A419C884-323C-492A-8B97-B9D5CF724C72}.Debug|Any CPU.Build.0 = Debug|Any CPU
		{A419C884-323C-492A-8B97-B9D5CF724C72}.Release|Any CPU.ActiveCfg = Release|Any CPU
		{A419C884-323C-492A-8B97-B9D5CF724C72}.Release|Any CPU.Build.0 = Release|Any CPU
	EndGlobalSection
	GlobalSection(MonoDevelopProperties) = preSolution
		Policies = $0
		$0.TextStylePolicy = $1
		$1.FileWidth = 80
		$1.TabWidth = 2
		$1.TabsToSpaces = True
		$1.IndentWidth = 2
		$1.scope = text/x-csharp
		$0.CSharpFormattingPolicy = $2
		$2.NewLinesForBracesInTypes = False
		$2.scope = text/x-csharp
		$2.NewLinesForBracesInMethods = False
		$2.NewLinesForBracesInProperties = False
		$2.NewLinesForBracesInAccessors = False
		$2.NewLinesForBracesInAnonymousMethods = False
		$2.NewLinesForBracesInControlBlocks = False
		$2.NewLinesForBracesInAnonymousTypes = False
		$2.NewLinesForBracesInObjectCollectionArrayInitializers = False
		$2.NewLinesForBracesInLambdaExpressionBody = False
		$2.NewLineForElse = False
		$2.NewLineForCatch = False
		$2.NewLineForFinally = False
	EndGlobalSection
EndGlobal
